<?xml version="1.0" encoding="UTF-8"?>
<CONFIG>
  <ProjectOptions>
    <Version Value="9"/>
    <General>
      <Flags>
        <MainUnitHasCreateFormStatements Value="False"/>
        <MainUnitHasTitleStatement Value="False"/>
      </Flags>
      <SessionStorage Value="InProjectDir"/>
      <MainUnit Value="0"/>
      <Title Value="optimizerDistributed"/>
      <UseAppBundle Value="False"/>
      <ResourceType Value="res"/>
    </General>
    <i18n>
      <EnableI18N LFM="False"/>
    </i18n>
    <VersionInfo>
      <StringTable ProductVersion=""/>
    </VersionInfo>
    <MacroValues Count="1">
      <Macro1 Name="LCLWidgetType" Value="nogui"/>
    </MacroValues>
    <BuildModes Count="1">
      <Item1 Name="Default" Default="True"/>
      <SharedMatrixOptions Count="1">
        <Item1 ID="861668499230" Modes="Default" Type="IDEMacro" MacroName="LCLWidgetType" Value="nogui"/>
      </SharedMatrixOptions>
    </BuildModes>
    <PublishOptions>
      <Version Value="2"/>
      <IncludeFileFilter Value="*.(pas|pp|inc|lfm|lpr|lrs|lpi|lpk|sh|xml)"/>
      <ExcludeFileFilter Value="*.(bak|ppu|o|so);*~;backup"/>
    </PublishOptions>
    <RunParams>
      <local>
        <FormatVersion Value="1"/>
      </local>
    </RunParams>
    <RequiredPackages Count="1">
      <Item1>
        <PackageName Value="LCL"/>
      </Item1>
    </RequiredPackages>
    <Units Count="11">
      <Unit0>
        <Filename Value="optimizerDistributed.lpr"/>
        <IsPartOfProject Value="True"/>
      </Unit0>
      <Unit1>
        <Filename Value="../uhelper.pas"/>
        <IsPartOfProject Value="True"/>
      </Unit1>
      <Unit2>
        <Filename Value="../uoptimizationprocess.pas"/>
        <IsPartOfProject Value="True"/>
        <UnitName Value="uOptimizationProcess"/>
      </Unit2>
      <Unit3>
        <Filename Value="../uoptimizationrun.pas"/>
        <IsPartOfProject Value="True"/>
        <UnitName Value="uOptimizationRun"/>
      </Unit3>
      <Unit4>
        <Filename Value="../uparameterselection.pas"/>
        <IsPartOfProject Value="True"/>
        <UnitName Value="uParameterSelection"/>
      </Unit4>
      <Unit5>
        <Filename Value="../usimplelog.pas"/>
        <IsPartOfProject Value="True"/>
      </Unit5>
      <Unit6>
        <Filename Value="uremoteoptimizationrun.pas"/>
        <IsPartOfProject Value="True"/>
        <UnitName Value="uRemoteOptimizationRun"/>
      </Unit6>
      <Unit7>
        <Filename Value="../umain.pas"/>
        <IsPartOfProject Value="True"/>
      </Unit7>
      <Unit8>
        <Filename Value="../psStrategies/upsincludeall.pas"/>
        <IsPartOfProject Value="True"/>
      </Unit8>
      <Unit9>
        <Filename Value="../problemTypes/ptOpticalFlow/ebInterfaces/uebtest.pas"/>
        <IsPartOfProject Value="True"/>
        <UnitName Value="uebTest"/>
      </Unit9>
      <Unit10>
        <Filename Value="../problemTypes/ptOpticalFlow/ebInterfaces/uebexample.pas"/>
        <IsPartOfProject Value="True"/>
        <UnitName Value="uebExample"/>
      </Unit10>
    </Units>
  </ProjectOptions>
  <CompilerOptions>
    <Version Value="11"/>
    <Target>
      <Filename Value="../../bin/optimizerOF_Distributed"/>
    </Target>
    <SearchPaths>
      <IncludeFiles Value="$(ProjOutDir)"/>
      <OtherUnitFiles Value="..;../problemTypes/ptOpticalFlow/ebInterfaces;../problemTypes/ptOpticalFlow;../psStrategies;../common"/>
      <UnitOutputDirectory Value="lib/$(TargetCPU)-$(TargetOS)"/>
    </SearchPaths>
    <Other>
      <CompilerMessages>
        <IgnoredMessages idx5024="True"/>
      </CompilerMessages>
      <CustomOptions Value="-dOpticalFlow"/>
    </Other>
  </CompilerOptions>
  <Debugging>
    <Exceptions Count="3">
      <Item1>
        <Name Value="EAbort"/>
      </Item1>
      <Item2>
        <Name Value="ECodetoolError"/>
      </Item2>
      <Item3>
        <Name Value="EFOpenError"/>
      </Item3>
    </Exceptions>
  </Debugging>
</CONFIG>
